Microsoft Visual Studio Solution File, Format Version 12.00
# Visual Studio Version 17
VisualStudioVersion = 17.13.35716.79
MinimumVisualStudioVersion = 10.0.40219.1
Project("{FAE04EC0-301F-11D3-BF4B-00C04F79EFBC}") = "EmployeePayrollSystem", "EmployeePayrollSystem\EmployeePayrollSystem.csproj", "{27748A7F-9FD9-4669-AE5C-6C09B8F668F4}"
EndProject
Global
	GlobalSection(SolutionConfigurationPlatforms) = preSolution
		Debug|Any CPU = Debug|Any CPU
		Release|Any CPU = Release|Any CPU
	EndGlobalSection
	GlobalSection(ProjectConfigurationPlatforms) = postSolution
		{27748A7F-9FD9-4669-AE5C-6C09B8F668F4}.Debug|Any CPU.ActiveCfg = Debug|Any CPU
		{27748A7F-9FD9-4669-AE5C-6C09B8F668F4}.Debug|Any CPU.Build.0 = Debug|Any CPU
		{27748A7F-9FD9-4669-AE5C-6C09B8F668F4}.Release|Any CPU.ActiveCfg = Release|Any CPU
		{27748A7F-9FD9-4669-AE5C-6C09B8F668F4}.Release|Any CPU.Build.0 = Release|Any CPU
	EndGlobalSection
	GlobalSection(SolutionProperties) = preSolution
		HideSolutionNode = FALSE
	EndGlobalSection
	GlobalSection(ExtensibilityGlobals) = postSolution
		SolutionGuid = {414D6727-2ECA-40FE-9B59-EE4ED66AE109}
	EndGlobalSection
EndGlobal
